
Microsoft Visual Studio Solution File, Format Version 12.00
# Visual Studio Version 17
VisualStudioVersion = 17.9.34728.123
MinimumVisualStudioVersion = 10.0.40219.1
Project("{9A19103F-16F7-4668-BE54-9A1E7A4F7556}") = "CarRental", "CarRental\CarRental.csproj", "{62BB388F-ED11-4745-80E2-14345BA6C8A0}"
EndProject
Project("{9A19103F-16F7-4668-BE54-9A1E7A4F7556}") = "Entities", "Entities\Entities.csproj", "{CE98F682-15F6-4C8A-B0A8-3543FDF494A3}"
EndProject
Project("{9A19103F-16F7-4668-BE54-9A1E7A4F7556}") = "DataAccess", "DataAccess\DataAccess.csproj", "{CE5C9546-226A-425F-9F08-4FFD061A3ED4}"
EndProject
Project("{9A19103F-16F7-4668-BE54-9A1E7A4F7556}") = "Business", "Business\Business.csproj", "{57481D11-938E-488F-9B4B-802AEC5C3B4E}"
EndProject
Project("{9A19103F-16F7-4668-BE54-9A1E7A4F7556}") = "ConsoleUI", "ConsoleUI\ConsoleUI.csproj", "{53EEFB5E-24FF-42C0-B26B-EA4885641103}"
EndProject
Project("{9A19103F-16F7-4668-BE54-9A1E7A4F7556}") = "Core", "Core\Core.csproj", "{48D14B0E-AC09-43BB-BE48-86D4CA143F5E}"
EndProject
Project("{9A19103F-16F7-4668-BE54-9A1E7A4F7556}") = "CarRental.Business", "Business\CarRental.Business.csproj", "{22ECBDE1-C5D7-436C-864E-3CBD28011F93}"
EndProject
Global
	GlobalSection(SolutionConfigurationPlatforms) = preSolution
		Debug|Any CPU = Debug|Any CPU
		Release|Any CPU = Release|Any CPU
	EndGlobalSection
	GlobalSection(ProjectConfigurationPlatforms) = postSolution
		{62BB388F-ED11-4745-80E2-14345BA6C8A0}.Debug|Any CPU.ActiveCfg = Debug|Any CPU
		{62BB388F-ED11-4745-80E2-14345BA6C8A0}.Debug|Any CPU.Build.0 = Debug|Any CPU
		{62BB388F-ED11-4745-80E2-14345BA6C8A0}.Release|Any CPU.ActiveCfg = Release|Any CPU
		{62BB388F-ED11-4745-80E2-14345BA6C8A0}.Release|Any CPU.Build.0 = Release|Any CPU
		{CE98F682-15F6-4C8A-B0A8-3543FDF494A3}.Debug|Any CPU.ActiveCfg = Debug|Any CPU
		{CE98F682-15F6-4C8A-B0A8-3543FDF494A3}.Debug|Any CPU.Build.0 = Debug|Any CPU
		{CE98F682-15F6-4C8A-B0A8-3543FDF494A3}.Release|Any CPU.ActiveCfg = Release|Any CPU
		{CE98F682-15F6-4C8A-B0A8-3543FDF494A3}.Release|Any CPU.Build.0 = Release|Any CPU
		{CE5C9546-226A-425F-9F08-4FFD061A3ED4}.Debug|Any CPU.ActiveCfg = Debug|Any CPU
		{CE5C9546-226A-425F-9F08-4FFD061A3ED4}.Debug|Any CPU.Build.0 = Debug|Any CPU
		{CE5C9546-226A-425F-9F08-4FFD061A3ED4}.Release|Any CPU.ActiveCfg = Release|Any CPU
		{CE5C9546-226A-425F-9F08-4FFD061A3ED4}.Release|Any CPU.Build.0 = Release|Any CPU
		{57481D11-938E-488F-9B4B-802AEC5C3B4E}.Debug|Any CPU.ActiveCfg = Debug|Any CPU
		{57481D11-938E-488F-9B4B-802AEC5C3B4E}.Debug|Any CPU.Build.0 = Debug|Any CPU
		{57481D11-938E-488F-9B4B-802AEC5C3B4E}.Release|Any CPU.ActiveCfg = Release|Any CPU
		{57481D11-938E-488F-9B4B-802AEC5C3B4E}.Release|Any CPU.Build.0 = Release|Any CPU
		{53EEFB5E-24FF-42C0-B26B-EA4885641103}.Debug|Any CPU.ActiveCfg = Debug|Any CPU
		{53EEFB5E-24FF-42C0-B26B-EA4885641103}.Debug|Any CPU.Build.0 = Debug|Any CPU
		{53EEFB5E-24FF-42C0-B26B-EA4885641103}.Release|Any CPU.ActiveCfg = Release|Any CPU
		{53EEFB5E-24FF-42C0-B26B-EA4885641103}.Release|Any CPU.Build.0 = Release|Any CPU
		{48D14B0E-AC09-43BB-BE48-86D4CA143F5E}.Debug|Any CPU.ActiveCfg = Debug|Any CPU
		{48D14B0E-AC09-43BB-BE48-86D4CA143F5E}.Debug|Any CPU.Build.0 = Debug|Any CPU
		{48D14B0E-AC09-43BB-BE48-86D4CA143F5E}.Release|Any CPU.ActiveCfg = Release|Any CPU
		{48D14B0E-AC09-43BB-BE48-86D4CA143F5E}.Release|Any CPU.Build.0 = Release|Any CPU
		{22ECBDE1-C5D7-436C-864E-3CBD28011F93}.Debug|Any CPU.ActiveCfg = Debug|Any CPU
		{22ECBDE1-C5D7-436C-864E-3CBD28011F93}.Debug|Any CPU.Build.0 = Debug|Any CPU
		{22ECBDE1-C5D7-436C-864E-3CBD28011F93}.Release|Any CPU.ActiveCfg = Release|Any CPU
		{22ECBDE1-C5D7-436C-864E-3CBD28011F93}.Release|Any CPU.Build.0 = Release|Any CPU
	EndGlobalSection
	GlobalSection(SolutionProperties) = preSolution
		HideSolutionNode = FALSE
	EndGlobalSection
	GlobalSection(ExtensibilityGlobals) = postSolution
		SolutionGuid = {2C763BC9-E4AC-469D-AE5A-28F882BDD785}
	EndGlobalSection
EndGlobal
